{
  "name": "kiwi-shell",
  "lockfileVersion": 3,
  "requires": true,
  "packages": {
    "": {
      "dependencies": {
        "ags": "github:Aylur/ags",
        "gnim": "github:Aylur/gnim"
      }
    },
    "node_modules/ags": {
      "version": "3.1.0",
      "resolved": "git+ssh://git@github.com/Aylur/ags.git#e169694390548dfd38ff40f1ef2163d6c3ffe3ea",
      "license": "LGPL-2.1",
      "os": [
        "linux"
      ],
      "engines": {
        "gjs": ">=1.79.0"
      },
      "funding": {
        "type": "kofi",
        "url": "https://ko-fi.com/aylur"
      },
      "peerDependencies": {
        "gnim": "^1.9.0"
      }
    },
    "node_modules/gnim": {
      "version": "1.9.0",
      "resolved": "git+ssh://git@github.com/Aylur/gnim.git#c821e8eb884c370c6c15f545ce37384be35e9ce4",
      "license": "MIT",
      "peer": true,
      "engines": {
        "gjs": ">=1.79.0"
      },
      "funding": {
        "type": "kofi",
        "url": "https://ko-fi.com/aylur"
      }
    }
  }
}
